
Microsoft Visual Studio Solution File, Format Version 12.00
# Visual Studio 15
VisualStudioVersion = 15.0.28010.2019
MinimumVisualStudioVersion = 10.0.40219.1
Project("{FAE04EC0-301F-11D3-BF4B-00C04F79EFBC}") = "homework2", "homework2\homework2.csproj", "{2097B96D-0FC7-4144-A994-7487D082A60A}"
EndProject
Project("{FAE04EC0-301F-11D3-BF4B-00C04F79EFBC}") = "homework2-2", "homework2-2\homework2-2.csproj", "{46EC1BAD-BD59-4883-A8F7-F17A958EEA5C}"
EndProject
Project("{FAE04EC0-301F-11D3-BF4B-00C04F79EFBC}") = "homework2-3", "homework2-3\homework2-3.csproj", "{858131C4-357F-41DC-A9B5-A569741683D2}"
EndProject
Global
	GlobalSection(SolutionConfigurationPlatforms) = preSolution
		Debug|Any CPU = Debug|Any CPU
		Release|Any CPU = Release|Any CPU
	EndGlobalSection
	GlobalSection(ProjectConfigurationPlatforms) = postSolution
		{2097B96D-0FC7-4144-A994-7487D082A60A}.Debug|Any CPU.ActiveCfg = Debug|Any CPU
		{2097B96D-0FC7-4144-A994-7487D082A60A}.Debug|Any CPU.Build.0 = Debug|Any CPU
		{2097B96D-0FC7-4144-A994-7487D082A60A}.Release|Any CPU.ActiveCfg = Release|Any CPU
		{2097B96D-0FC7-4144-A994-7487D082A60A}.Release|Any CPU.Build.0 = Release|Any CPU
		{46EC1BAD-BD59-4883-A8F7-F17A958EEA5C}.Debug|Any CPU.ActiveCfg = Debug|Any CPU
		{46EC1BAD-BD59-4883-A8F7-F17A958EEA5C}.Debug|Any CPU.Build.0 = Debug|Any CPU
		{46EC1BAD-BD59-4883-A8F7-F17A958EEA5C}.Release|Any CPU.ActiveCfg = Release|Any CPU
		{46EC1BAD-BD59-4883-A8F7-F17A958EEA5C}.Release|Any CPU.Build.0 = Release|Any CPU
		{858131C4-357F-41DC-A9B5-A569741683D2}.Debug|Any CPU.ActiveCfg = Debug|Any CPU
		{858131C4-357F-41DC-A9B5-A569741683D2}.Debug|Any CPU.Build.0 = Debug|Any CPU
		{858131C4-357F-41DC-A9B5-A569741683D2}.Release|Any CPU.ActiveCfg = Release|Any CPU
		{858131C4-357F-41DC-A9B5-A569741683D2}.Release|Any CPU.Build.0 = Release|Any CPU
	EndGlobalSection
	GlobalSection(SolutionProperties) = preSolution
		HideSolutionNode = FALSE
	EndGlobalSection
	GlobalSection(ExtensibilityGlobals) = postSolution
		SolutionGuid = {6676025B-012F-4632-A040-3A8140E4D71B}
	EndGlobalSection
EndGlobal
