
Microsoft Visual Studio Solution File, Format Version 12.00
# Visual Studio 15
VisualStudioVersion = 15.0.28010.2019
MinimumVisualStudioVersion = 10.0.40219.1
Project("{FAE04EC0-301F-11D3-BF4B-00C04F79EFBC}") = "homework5", "homework5\homework5.csproj", "{CEF4982C-CCA4-4197-AD3D-52568EF9C223}"
EndProject
Project("{FAE04EC0-301F-11D3-BF4B-00C04F79EFBC}") = "homework5-2", "homework5-2\homework5-2.csproj", "{187D51F9-707F-446B-A87F-CD3DBF2C17D4}"
EndProject
Global
	GlobalSection(SolutionConfigurationPlatforms) = preSolution
		Debug|Any CPU = Debug|Any CPU
		Release|Any CPU = Release|Any CPU
	EndGlobalSection
	GlobalSection(ProjectConfigurationPlatforms) = postSolution
		{CEF4982C-CCA4-4197-AD3D-52568EF9C223}.Debug|Any CPU.ActiveCfg = Debug|Any CPU
		{CEF4982C-CCA4-4197-AD3D-52568EF9C223}.Debug|Any CPU.Build.0 = Debug|Any CPU
		{CEF4982C-CCA4-4197-AD3D-52568EF9C223}.Release|Any CPU.ActiveCfg = Release|Any CPU
		{CEF4982C-CCA4-4197-AD3D-52568EF9C223}.Release|Any CPU.Build.0 = Release|Any CPU
		{187D51F9-707F-446B-A87F-CD3DBF2C17D4}.Debug|Any CPU.ActiveCfg = Debug|Any CPU
		{187D51F9-707F-446B-A87F-CD3DBF2C17D4}.Debug|Any CPU.Build.0 = Debug|Any CPU
		{187D51F9-707F-446B-A87F-CD3DBF2C17D4}.Release|Any CPU.ActiveCfg = Release|Any CPU
		{187D51F9-707F-446B-A87F-CD3DBF2C17D4}.Release|Any CPU.Build.0 = Release|Any CPU
	EndGlobalSection
	GlobalSection(SolutionProperties) = preSolution
		HideSolutionNode = FALSE
	EndGlobalSection
	GlobalSection(ExtensibilityGlobals) = postSolution
		SolutionGuid = {0026A29D-524D-433F-B82C-947B58317A1A}
	EndGlobalSection
EndGlobal
