
Microsoft Visual Studio Solution File, Format Version 12.00
# Visual Studio 15
VisualStudioVersion = 15.0.28010.2019
MinimumVisualStudioVersion = 10.0.40219.1
Project("{FAE04EC0-301F-11D3-BF4B-00C04F79EFBC}") = "homework7", "homework7\homework7.csproj", "{58F58899-F8E5-409A-95EF-5709F2F51A1D}"
EndProject
Project("{FAE04EC0-301F-11D3-BF4B-00C04F79EFBC}") = "homework7-2", "homework7-2\homework7-2.csproj", "{A6AA63A9-72C4-4381-86F5-EC3EE48675B1}"
EndProject
Global
	GlobalSection(SolutionConfigurationPlatforms) = preSolution
		Debug|Any CPU = Debug|Any CPU
		Release|Any CPU = Release|Any CPU
	EndGlobalSection
	GlobalSection(ProjectConfigurationPlatforms) = postSolution
		{58F58899-F8E5-409A-95EF-5709F2F51A1D}.Debug|Any CPU.ActiveCfg = Debug|Any CPU
		{58F58899-F8E5-409A-95EF-5709F2F51A1D}.Debug|Any CPU.Build.0 = Debug|Any CPU
		{58F58899-F8E5-409A-95EF-5709F2F51A1D}.Release|Any CPU.ActiveCfg = Release|Any CPU
		{58F58899-F8E5-409A-95EF-5709F2F51A1D}.Release|Any CPU.Build.0 = Release|Any CPU
		{A6AA63A9-72C4-4381-86F5-EC3EE48675B1}.Debug|Any CPU.ActiveCfg = Debug|Any CPU
		{A6AA63A9-72C4-4381-86F5-EC3EE48675B1}.Debug|Any CPU.Build.0 = Debug|Any CPU
		{A6AA63A9-72C4-4381-86F5-EC3EE48675B1}.Release|Any CPU.ActiveCfg = Release|Any CPU
		{A6AA63A9-72C4-4381-86F5-EC3EE48675B1}.Release|Any CPU.Build.0 = Release|Any CPU
	EndGlobalSection
	GlobalSection(SolutionProperties) = preSolution
		HideSolutionNode = FALSE
	EndGlobalSection
	GlobalSection(ExtensibilityGlobals) = postSolution
		SolutionGuid = {5C5C8DE3-A6D6-48EF-81BE-0CAAA01D3B8D}
	EndGlobalSection
EndGlobal
